
Microsoft Visual Studio Solution File, Format Version 12.00
# Visual Studio Version 17
VisualStudioVersion = 17.13.35825.156
MinimumVisualStudioVersion = 10.0.40219.1
Project("{FAE04EC0-301F-11D3-BF4B-00C04F79EFBC}") = "FiapCloudGames", "FiapCloudGames\FiapCloudGames.csproj", "{D55006D0-3AED-457D-8D8D-B86CF0989A1F}"
EndProject
Project("{FAE04EC0-301F-11D3-BF4B-00C04F79EFBC}") = "Infrastructure", "Infrastructure\Infrastructure.csproj", "{C4EC2E68-8184-43F4-933F-9A08EE602FC7}"
EndProject
Project("{FAE04EC0-301F-11D3-BF4B-00C04F79EFBC}") = "Core", "Core\Core.csproj", "{0C7FDFFD-6C04-4867-9065-A229B079A0EC}"
EndProject
Project("{FAE04EC0-301F-11D3-BF4B-00C04F79EFBC}") = "Services", "Services\Services.csproj", "{51FEF20E-6B7D-46F4-8188-38C9D31FF1CE}"
EndProject
Project("{FAE04EC0-301F-11D3-BF4B-00C04F79EFBC}") = "FiapCloudGamesTest", "FiapCloudGamesTest\FiapCloudGamesTest.csproj", "{C674253F-C323-412D-BCE9-34EC97EF6DF6}"
EndProject
Global
	GlobalSection(SolutionConfigurationPlatforms) = preSolution
		Debug|Any CPU = Debug|Any CPU
		Release|Any CPU = Release|Any CPU
	EndGlobalSection
	GlobalSection(ProjectConfigurationPlatforms) = postSolution
		{D55006D0-3AED-457D-8D8D-B86CF0989A1F}.Debug|Any CPU.ActiveCfg = Debug|Any CPU
		{D55006D0-3AED-457D-8D8D-B86CF0989A1F}.Debug|Any CPU.Build.0 = Debug|Any CPU
		{D55006D0-3AED-457D-8D8D-B86CF0989A1F}.Release|Any CPU.ActiveCfg = Release|Any CPU
		{D55006D0-3AED-457D-8D8D-B86CF0989A1F}.Release|Any CPU.Build.0 = Release|Any CPU
		{C4EC2E68-8184-43F4-933F-9A08EE602FC7}.Debug|Any CPU.ActiveCfg = Debug|Any CPU
		{C4EC2E68-8184-43F4-933F-9A08EE602FC7}.Debug|Any CPU.Build.0 = Debug|Any CPU
		{C4EC2E68-8184-43F4-933F-9A08EE602FC7}.Release|Any CPU.ActiveCfg = Release|Any CPU
		{C4EC2E68-8184-43F4-933F-9A08EE602FC7}.Release|Any CPU.Build.0 = Release|Any CPU
		{0C7FDFFD-6C04-4867-9065-A229B079A0EC}.Debug|Any CPU.ActiveCfg = Debug|Any CPU
		{0C7FDFFD-6C04-4867-9065-A229B079A0EC}.Debug|Any CPU.Build.0 = Debug|Any CPU
		{0C7FDFFD-6C04-4867-9065-A229B079A0EC}.Release|Any CPU.ActiveCfg = Release|Any CPU
		{0C7FDFFD-6C04-4867-9065-A229B079A0EC}.Release|Any CPU.Build.0 = Release|Any CPU
		{51FEF20E-6B7D-46F4-8188-38C9D31FF1CE}.Debug|Any CPU.ActiveCfg = Debug|Any CPU
		{51FEF20E-6B7D-46F4-8188-38C9D31FF1CE}.Debug|Any CPU.Build.0 = Debug|Any CPU
		{51FEF20E-6B7D-46F4-8188-38C9D31FF1CE}.Release|Any CPU.ActiveCfg = Release|Any CPU
		{51FEF20E-6B7D-46F4-8188-38C9D31FF1CE}.Release|Any CPU.Build.0 = Release|Any CPU
		{C674253F-C323-412D-BCE9-34EC97EF6DF6}.Debug|Any CPU.ActiveCfg = Debug|Any CPU
		{C674253F-C323-412D-BCE9-34EC97EF6DF6}.Debug|Any CPU.Build.0 = Debug|Any CPU
		{C674253F-C323-412D-BCE9-34EC97EF6DF6}.Release|Any CPU.ActiveCfg = Release|Any CPU
		{C674253F-C323-412D-BCE9-34EC97EF6DF6}.Release|Any CPU.Build.0 = Release|Any CPU
	EndGlobalSection
	GlobalSection(SolutionProperties) = preSolution
		HideSolutionNode = FALSE
	EndGlobalSection
	GlobalSection(ExtensibilityGlobals) = postSolution
		SolutionGuid = {E010F8E1-0775-4C84-9A71-B4C1493A62A2}
	EndGlobalSection
EndGlobal
